
Microsoft Visual Studio Solution File, Format Version 12.00
# Visual Studio 15
VisualStudioVersion = 15.0.28010.2041
MinimumVisualStudioVersion = 10.0.40219.1
Project("{FAE04EC0-301F-11D3-BF4B-00C04F79EFBC}") = "demobm.Android", "demobm\demobm.Android\demobm.Android.csproj", "{91CC3E9D-4ED3-4C10-AB80-15A02F772C34}"
EndProject
Project("{FAE04EC0-301F-11D3-BF4B-00C04F79EFBC}") = "demobm.iOS", "demobm\demobm.iOS\demobm.iOS.csproj", "{FE831E72-BD42-4642-AD4C-0BA7039CAF03}"
EndProject
Project("{FAE04EC0-301F-11D3-BF4B-00C04F79EFBC}") = "demobm", "demobm\demobm\demobm.csproj", "{B2C65A52-AA70-4A70-A09A-8848CC9AFC28}"
EndProject
Global
	GlobalSection(SolutionConfigurationPlatforms) = preSolution
		Ad-Hoc|Any CPU = Ad-Hoc|Any CPU
		Ad-Hoc|iPhone = Ad-Hoc|iPhone
		Ad-Hoc|iPhoneSimulator = Ad-Hoc|iPhoneSimulator
		AppStore|Any CPU = AppStore|Any CPU
		AppStore|iPhone = AppStore|iPhone
		AppStore|iPhoneSimulator = AppStore|iPhoneSimulator
		Debug|Any CPU = Debug|Any CPU
		Debug|iPhone = Debug|iPhone
		Debug|iPhoneSimulator = Debug|iPhoneSimulator
		Release|Any CPU = Release|Any CPU
		Release|iPhone = Release|iPhone
		Release|iPhoneSimulator = Release|iPhoneSimulator
	EndGlobalSection
	GlobalSection(ProjectConfigurationPlatforms) = postSolution
		{91CC3E9D-4ED3-4C10-AB80-15A02F772C34}.Ad-Hoc|Any CPU.ActiveCfg = Release|Any CPU
		{91CC3E9D-4ED3-4C10-AB80-15A02F772C34}.Ad-Hoc|Any CPU.Build.0 = Release|Any CPU
		{91CC3E9D-4ED3-4C10-AB80-15A02F772C34}.Ad-Hoc|Any CPU.Deploy.0 = Release|Any CPU
		{91CC3E9D-4ED3-4C10-AB80-15A02F772C34}.Ad-Hoc|iPhone.ActiveCfg = Release|Any CPU
		{91CC3E9D-4ED3-4C10-AB80-15A02F772C34}.Ad-Hoc|iPhone.Build.0 = Release|Any CPU
		{91CC3E9D-4ED3-4C10-AB80-15A02F772C34}.Ad-Hoc|iPhone.Deploy.0 = Release|Any CPU
		{91CC3E9D-4ED3-4C10-AB80-15A02F772C34}.Ad-Hoc|iPhoneSimulator.ActiveCfg = Release|Any CPU
		{91CC3E9D-4ED3-4C10-AB80-15A02F772C34}.Ad-Hoc|iPhoneSimulator.Build.0 = Release|Any CPU
		{91CC3E9D-4ED3-4C10-AB80-15A02F772C34}.Ad-Hoc|iPhoneSimulator.Deploy.0 = Release|Any CPU
		{91CC3E9D-4ED3-4C10-AB80-15A02F772C34}.AppStore|Any CPU.ActiveCfg = Release|Any CPU
		{91CC3E9D-4ED3-4C10-AB80-15A02F772C34}.AppStore|Any CPU.Build.0 = Release|Any CPU
		{91CC3E9D-4ED3-4C10-AB80-15A02F772C34}.AppStore|Any CPU.Deploy.0 = Release|Any CPU
		{91CC3E9D-4ED3-4C10-AB80-15A02F772C34}.AppStore|iPhone.ActiveCfg = Release|Any CPU
		{91CC3E9D-4ED3-4C10-AB80-15A02F772C34}.AppStore|iPhone.Build.0 = Release|Any CPU
		{91CC3E9D-4ED3-4C10-AB80-15A02F772C34}.AppStore|iPhone.Deploy.0 = Release|Any CPU
		{91CC3E9D-4ED3-4C10-AB80-15A02F772C34}.AppStore|iPhoneSimulator.ActiveCfg = Release|Any CPU
		{91CC3E9D-4ED3-4C10-AB80-15A02F772C34}.AppStore|iPhoneSimulator.Build.0 = Release|Any CPU
		{91CC3E9D-4ED3-4C10-AB80-15A02F772C34}.AppStore|iPhoneSimulator.Deploy.0 = Release|Any CPU
		{91CC3E9D-4ED3-4C10-AB80-15A02F772C34}.Debug|Any CPU.ActiveCfg = Debug|Any CPU
		{91CC3E9D-4ED3-4C10-AB80-15A02F772C34}.Debug|Any CPU.Build.0 = Debug|Any CPU
		{91CC3E9D-4ED3-4C10-AB80-15A02F772C34}.Debug|Any CPU.Deploy.0 = Debug|Any CPU
		{91CC3E9D-4ED3-4C10-AB80-15A02F772C34}.Debug|iPhone.ActiveCfg = Debug|Any CPU
		{91CC3E9D-4ED3-4C10-AB80-15A02F772C34}.Debug|iPhone.Build.0 = Debug|Any CPU
		{91CC3E9D-4ED3-4C10-AB80-15A02F772C34}.Debug|iPhone.Deploy.0 = Debug|Any CPU
		{91CC3E9D-4ED3-4C10-AB80-15A02F772C34}.Debug|iPhoneSimulator.ActiveCfg = Debug|Any CPU
		{91CC3E9D-4ED3-4C10-AB80-15A02F772C34}.Debug|iPhoneSimulator.Build.0 = Debug|Any CPU
		{91CC3E9D-4ED3-4C10-AB80-15A02F772C34}.Debug|iPhoneSimulator.Deploy.0 = Debug|Any CPU
		{91CC3E9D-4ED3-4C10-AB80-15A02F772C34}.Release|Any CPU.ActiveCfg = Release|Any CPU
		{91CC3E9D-4ED3-4C10-AB80-15A02F772C34}.Release|Any CPU.Build.0 = Release|Any CPU
		{91CC3E9D-4ED3-4C10-AB80-15A02F772C34}.Release|Any CPU.Deploy.0 = Release|Any CPU
		{91CC3E9D-4ED3-4C10-AB80-15A02F772C34}.Release|iPhone.ActiveCfg = Release|Any CPU
		{91CC3E9D-4ED3-4C10-AB80-15A02F772C34}.Release|iPhone.Build.0 = Release|Any CPU
		{91CC3E9D-4ED3-4C10-AB80-15A02F772C34}.Release|iPhone.Deploy.0 = Release|Any CPU
		{91CC3E9D-4ED3-4C10-AB80-15A02F772C34}.Release|iPhoneSimulator.ActiveCfg = Release|Any CPU
		{91CC3E9D-4ED3-4C10-AB80-15A02F772C34}.Release|iPhoneSimulator.Build.0 = Release|Any CPU
		{91CC3E9D-4ED3-4C10-AB80-15A02F772C34}.Release|iPhoneSimulator.Deploy.0 = Release|Any CPU
		{FE831E72-BD42-4642-AD4C-0BA7039CAF03}.Ad-Hoc|Any CPU.ActiveCfg = Ad-Hoc|iPhone
		{FE831E72-BD42-4642-AD4C-0BA7039CAF03}.Ad-Hoc|Any CPU.Build.0 = Ad-Hoc|iPhone
		{FE831E72-BD42-4642-AD4C-0BA7039CAF03}.Ad-Hoc|Any CPU.Deploy.0 = Ad-Hoc|iPhone
		{FE831E72-BD42-4642-AD4C-0BA7039CAF03}.Ad-Hoc|iPhone.ActiveCfg = Ad-Hoc|iPhone
		{FE831E72-BD42-4642-AD4C-0BA7039CAF03}.Ad-Hoc|iPhone.Build.0 = Ad-Hoc|iPhone
		{FE831E72-BD42-4642-AD4C-0BA7039CAF03}.Ad-Hoc|iPhone.Deploy.0 = Ad-Hoc|iPhone
		{FE831E72-BD42-4642-AD4C-0BA7039CAF03}.Ad-Hoc|iPhoneSimulator.ActiveCfg = Ad-Hoc|iPhoneSimulator
		{FE831E72-BD42-4642-AD4C-0BA7039CAF03}.Ad-Hoc|iPhoneSimulator.Build.0 = Ad-Hoc|iPhoneSimulator
		{FE831E72-BD42-4642-AD4C-0BA7039CAF03}.Ad-Hoc|iPhoneSimulator.Deploy.0 = Ad-Hoc|iPhoneSimulator
		{FE831E72-BD42-4642-AD4C-0BA7039CAF03}.AppStore|Any CPU.ActiveCfg = AppStore|iPhone
		{FE831E72-BD42-4642-AD4C-0BA7039CAF03}.AppStore|Any CPU.Build.0 = AppStore|iPhone
		{FE831E72-BD42-4642-AD4C-0BA7039CAF03}.AppStore|Any CPU.Deploy.0 = AppStore|iPhone
		{FE831E72-BD42-4642-AD4C-0BA7039CAF03}.AppStore|iPhone.ActiveCfg = AppStore|iPhone
		{FE831E72-BD42-4642-AD4C-0BA7039CAF03}.AppStore|iPhone.Build.0 = AppStore|iPhone
		{FE831E72-BD42-4642-AD4C-0BA7039CAF03}.AppStore|iPhone.Deploy.0 = AppStore|iPhone
		{FE831E72-BD42-4642-AD4C-0BA7039CAF03}.AppStore|iPhoneSimulator.ActiveCfg = AppStore|iPhoneSimulator
		{FE831E72-BD42-4642-AD4C-0BA7039CAF03}.AppStore|iPhoneSimulator.Build.0 = AppStore|iPhoneSimulator
		{FE831E72-BD42-4642-AD4C-0BA7039CAF03}.AppStore|iPhoneSimulator.Deploy.0 = AppStore|iPhoneSimulator
		{FE831E72-BD42-4642-AD4C-0BA7039CAF03}.Debug|Any CPU.ActiveCfg = Debug|iPhoneSimulator
		{FE831E72-BD42-4642-AD4C-0BA7039CAF03}.Debug|Any CPU.Build.0 = Debug|iPhoneSimulator
		{FE831E72-BD42-4642-AD4C-0BA7039CAF03}.Debug|Any CPU.Deploy.0 = Debug|iPhoneSimulator
		{FE831E72-BD42-4642-AD4C-0BA7039CAF03}.Debug|iPhone.ActiveCfg = Debug|iPhone
		{FE831E72-BD42-4642-AD4C-0BA7039CAF03}.Debug|iPhone.Build.0 = Debug|iPhone
		{FE831E72-BD42-4642-AD4C-0BA7039CAF03}.Debug|iPhone.Deploy.0 = Debug|iPhone
		{FE831E72-BD42-4642-AD4C-0BA7039CAF03}.Debug|iPhoneSimulator.ActiveCfg = Debug|iPhoneSimulator
		{FE831E72-BD42-4642-AD4C-0BA7039CAF03}.Debug|iPhoneSimulator.Build.0 = Debug|iPhoneSimulator
		{FE831E72-BD42-4642-AD4C-0BA7039CAF03}.Debug|iPhoneSimulator.Deploy.0 = Debug|iPhoneSimulator
		{FE831E72-BD42-4642-AD4C-0BA7039CAF03}.Release|Any CPU.ActiveCfg = Release|iPhone
		{FE831E72-BD42-4642-AD4C-0BA7039CAF03}.Release|Any CPU.Build.0 = Release|iPhone
		{FE831E72-BD42-4642-AD4C-0BA7039CAF03}.Release|Any CPU.Deploy.0 = Release|iPhone
		{FE831E72-BD42-4642-AD4C-0BA7039CAF03}.Release|iPhone.ActiveCfg = Release|iPhone
		{FE831E72-BD42-4642-AD4C-0BA7039CAF03}.Release|iPhone.Build.0 = Release|iPhone
		{FE831E72-BD42-4642-AD4C-0BA7039CAF03}.Release|iPhone.Deploy.0 = Release|iPhone
		{FE831E72-BD42-4642-AD4C-0BA7039CAF03}.Release|iPhoneSimulator.ActiveCfg = Release|iPhoneSimulator
		{FE831E72-BD42-4642-AD4C-0BA7039CAF03}.Release|iPhoneSimulator.Build.0 = Release|iPhoneSimulator
		{FE831E72-BD42-4642-AD4C-0BA7039CAF03}.Release|iPhoneSimulator.Deploy.0 = Release|iPhoneSimulator
		{B2C65A52-AA70-4A70-A09A-8848CC9AFC28}.Ad-Hoc|Any CPU.ActiveCfg = Debug|Any CPU
		{B2C65A52-AA70-4A70-A09A-8848CC9AFC28}.Ad-Hoc|Any CPU.Build.0 = Debug|Any CPU
		{B2C65A52-AA70-4A70-A09A-8848CC9AFC28}.Ad-Hoc|Any CPU.Deploy.0 = Debug|Any CPU
		{B2C65A52-AA70-4A70-A09A-8848CC9AFC28}.Ad-Hoc|iPhone.ActiveCfg = Debug|Any CPU
		{B2C65A52-AA70-4A70-A09A-8848CC9AFC28}.Ad-Hoc|iPhone.Build.0 = Debug|Any CPU
		{B2C65A52-AA70-4A70-A09A-8848CC9AFC28}.Ad-Hoc|iPhone.Deploy.0 = Debug|Any CPU
		{B2C65A52-AA70-4A70-A09A-8848CC9AFC28}.Ad-Hoc|iPhoneSimulator.ActiveCfg = Debug|Any CPU
		{B2C65A52-AA70-4A70-A09A-8848CC9AFC28}.Ad-Hoc|iPhoneSimulator.Build.0 = Debug|Any CPU
		{B2C65A52-AA70-4A70-A09A-8848CC9AFC28}.Ad-Hoc|iPhoneSimulator.Deploy.0 = Debug|Any CPU
		{B2C65A52-AA70-4A70-A09A-8848CC9AFC28}.AppStore|Any CPU.ActiveCfg = Debug|Any CPU
		{B2C65A52-AA70-4A70-A09A-8848CC9AFC28}.AppStore|Any CPU.Build.0 = Debug|Any CPU
		{B2C65A52-AA70-4A70-A09A-8848CC9AFC28}.AppStore|Any CPU.Deploy.0 = Debug|Any CPU
		{B2C65A52-AA70-4A70-A09A-8848CC9AFC28}.AppStore|iPhone.ActiveCfg = Debug|Any CPU
		{B2C65A52-AA70-4A70-A09A-8848CC9AFC28}.AppStore|iPhone.Build.0 = Debug|Any CPU
		{B2C65A52-AA70-4A70-A09A-8848CC9AFC28}.AppStore|iPhone.Deploy.0 = Debug|Any CPU
		{B2C65A52-AA70-4A70-A09A-8848CC9AFC28}.AppStore|iPhoneSimulator.ActiveCfg = Debug|Any CPU
		{B2C65A52-AA70-4A70-A09A-8848CC9AFC28}.AppStore|iPhoneSimulator.Build.0 = Debug|Any CPU
		{B2C65A52-AA70-4A70-A09A-8848CC9AFC28}.AppStore|iPhoneSimulator.Deploy.0 = Debug|Any CPU
		{B2C65A52-AA70-4A70-A09A-8848CC9AFC28}.Debug|Any CPU.ActiveCfg = Debug|Any CPU
		{B2C65A52-AA70-4A70-A09A-8848CC9AFC28}.Debug|Any CPU.Build.0 = Debug|Any CPU
		{B2C65A52-AA70-4A70-A09A-8848CC9AFC28}.Debug|Any CPU.Deploy.0 = Debug|Any CPU
		{B2C65A52-AA70-4A70-A09A-8848CC9AFC28}.Debug|iPhone.ActiveCfg = Debug|Any CPU
		{B2C65A52-AA70-4A70-A09A-8848CC9AFC28}.Debug|iPhone.Build.0 = Debug|Any CPU
		{B2C65A52-AA70-4A70-A09A-8848CC9AFC28}.Debug|iPhone.Deploy.0 = Debug|Any CPU
		{B2C65A52-AA70-4A70-A09A-8848CC9AFC28}.Debug|iPhoneSimulator.ActiveCfg = Debug|Any CPU
		{B2C65A52-AA70-4A70-A09A-8848CC9AFC28}.Debug|iPhoneSimulator.Build.0 = Debug|Any CPU
		{B2C65A52-AA70-4A70-A09A-8848CC9AFC28}.Debug|iPhoneSimulator.Deploy.0 = Debug|Any CPU
		{B2C65A52-AA70-4A70-A09A-8848CC9AFC28}.Release|Any CPU.ActiveCfg = Release|Any CPU
		{B2C65A52-AA70-4A70-A09A-8848CC9AFC28}.Release|Any CPU.Build.0 = Release|Any CPU
		{B2C65A52-AA70-4A70-A09A-8848CC9AFC28}.Release|Any CPU.Deploy.0 = Release|Any CPU
		{B2C65A52-AA70-4A70-A09A-8848CC9AFC28}.Release|iPhone.ActiveCfg = Release|Any CPU
		{B2C65A52-AA70-4A70-A09A-8848CC9AFC28}.Release|iPhone.Build.0 = Release|Any CPU
		{B2C65A52-AA70-4A70-A09A-8848CC9AFC28}.Release|iPhone.Deploy.0 = Release|Any CPU
		{B2C65A52-AA70-4A70-A09A-8848CC9AFC28}.Release|iPhoneSimulator.ActiveCfg = Release|Any CPU
		{B2C65A52-AA70-4A70-A09A-8848CC9AFC28}.Release|iPhoneSimulator.Build.0 = Release|Any CPU
		{B2C65A52-AA70-4A70-A09A-8848CC9AFC28}.Release|iPhoneSimulator.Deploy.0 = Release|Any CPU
	EndGlobalSection
	GlobalSection(SolutionProperties) = preSolution
		HideSolutionNode = FALSE
	EndGlobalSection
	GlobalSection(ExtensibilityGlobals) = postSolution
		SolutionGuid = {44A4FB1A-C28A-40AC-B72D-1A1A342C305D}
	EndGlobalSection
EndGlobal
